
Microsoft Visual Studio Solution File, Format Version 12.00
# Visual Studio Version 17
VisualStudioVersion = 17.3.32819.101
MinimumVisualStudioVersion = 10.0.40219.1
Project("{9A19103F-16F7-4668-BE54-9A1E7A4F7556}") = "test62", "test62\test62.csproj", "{804CA39E-2B38-486B-A271-6BAED642D6D0}"
EndProject
Project("{2150E333-8FDC-42A3-9474-1A3956D46DE8}") = "Solution Items", "Solution Items", "{708E195C-8966-438C-94FF-E3B50E8C0340}"
	ProjectSection(SolutionItems) = preProject
		..\..\..\..\saul.png = ..\..\..\..\saul.png
	EndProjectSection
EndProject
Global
	GlobalSection(SolutionConfigurationPlatforms) = preSolution
		Debug|Any CPU = Debug|Any CPU
		Release|Any CPU = Release|Any CPU
	EndGlobalSection
	GlobalSection(ProjectConfigurationPlatforms) = postSolution
		{804CA39E-2B38-486B-A271-6BAED642D6D0}.Debug|Any CPU.ActiveCfg = Debug|Any CPU
		{804CA39E-2B38-486B-A271-6BAED642D6D0}.Debug|Any CPU.Build.0 = Debug|Any CPU
		{804CA39E-2B38-486B-A271-6BAED642D6D0}.Release|Any CPU.ActiveCfg = Release|Any CPU
		{804CA39E-2B38-486B-A271-6BAED642D6D0}.Release|Any CPU.Build.0 = Release|Any CPU
	EndGlobalSection
	GlobalSection(SolutionProperties) = preSolution
		HideSolutionNode = FALSE
	EndGlobalSection
	GlobalSection(ExtensibilityGlobals) = postSolution
		SolutionGuid = {82B6790E-523C-4DD1-BA54-D8FA92FF0195}
	EndGlobalSection
EndGlobal
